
Microsoft Visual Studio Solution File, Format Version 12.00
# Visual Studio Version 16
VisualStudioVersion = 16.0.31424.327
MinimumVisualStudioVersion = 10.0.40219.1
Project("{9A19103F-16F7-4668-BE54-9A1E7A4F7556}") = "MarvelVsDC", "MarvelVsDC\MarvelVsDC.csproj", "{6569C663-422D-432F-9762-51F175CB7A64}"
EndProject
Project("{FAE04EC0-301F-11D3-BF4B-00C04F79EFBC}") = "MarvelVsDC.Tests", "MarvelVsDC.Tests\MarvelVsDC.Tests.csproj", "{A4F0DCC5-C97A-4CC7-AD21-13109240C6C6}"
EndProject
Global
	GlobalSection(SolutionConfigurationPlatforms) = preSolution
		Debug|Any CPU = Debug|Any CPU
		Release|Any CPU = Release|Any CPU
	EndGlobalSection
	GlobalSection(ProjectConfigurationPlatforms) = postSolution
		{6569C663-422D-432F-9762-51F175CB7A64}.Debug|Any CPU.ActiveCfg = Debug|Any CPU
		{6569C663-422D-432F-9762-51F175CB7A64}.Debug|Any CPU.Build.0 = Debug|Any CPU
		{6569C663-422D-432F-9762-51F175CB7A64}.Release|Any CPU.ActiveCfg = Release|Any CPU
		{6569C663-422D-432F-9762-51F175CB7A64}.Release|Any CPU.Build.0 = Release|Any CPU
		{A4F0DCC5-C97A-4CC7-AD21-13109240C6C6}.Debug|Any CPU.ActiveCfg = Debug|Any CPU
		{A4F0DCC5-C97A-4CC7-AD21-13109240C6C6}.Debug|Any CPU.Build.0 = Debug|Any CPU
		{A4F0DCC5-C97A-4CC7-AD21-13109240C6C6}.Release|Any CPU.ActiveCfg = Release|Any CPU
		{A4F0DCC5-C97A-4CC7-AD21-13109240C6C6}.Release|Any CPU.Build.0 = Release|Any CPU
	EndGlobalSection
	GlobalSection(SolutionProperties) = preSolution
		HideSolutionNode = FALSE
	EndGlobalSection
	GlobalSection(ExtensibilityGlobals) = postSolution
		SolutionGuid = {6160E073-FD11-4921-86AF-3B7341E41DC8}
	EndGlobalSection
EndGlobal
